
Microsoft Visual Studio Solution File, Format Version 12.00
# Visual Studio 15
VisualStudioVersion = 15.0.26127.3
MinimumVisualStudioVersion = 10.0.40219.1
Project("{FAE04EC0-301F-11D3-BF4B-00C04F79EFBC}") = "FTGA.BirdClips.Droid", "FromTheGroundApp.BirdClips\FromTheGroundApp.BirdClips.Droid\FTGA.BirdClips.Droid.csproj", "{07BFF7F9-B700-4B65-94B9-7862B93F7228}"
EndProject
Project("{FAE04EC0-301F-11D3-BF4B-00C04F79EFBC}") = "FTGA.BirdClips.iOS", "FromTheGroundApp.BirdClips\FromTheGroundApp.BirdClips.iOS\FTGA.BirdClips.iOS.csproj", "{9E470495-347D-40B9-A3E9-BCA054CEBC6F}"
EndProject
Project("{FAE04EC0-301F-11D3-BF4B-00C04F79EFBC}") = "FTGA.BirdClips.Core", "FromTheGroundApp.BirdClips\FromTheGroundApp.BirdClips\FTGA.BirdClips.Core.csproj", "{7923DD28-CD48-4F54-926B-D05E734A154D}"
EndProject
Global
	GlobalSection(SolutionConfigurationPlatforms) = preSolution
		Debug|Any CPU = Debug|Any CPU
		Debug|iPhone = Debug|iPhone
		Debug|iPhoneSimulator = Debug|iPhoneSimulator
		Release|Any CPU = Release|Any CPU
		Release|iPhone = Release|iPhone
		Release|iPhoneSimulator = Release|iPhoneSimulator
	EndGlobalSection
	GlobalSection(ProjectConfigurationPlatforms) = postSolution
		{07BFF7F9-B700-4B65-94B9-7862B93F7228}.Debug|Any CPU.ActiveCfg = Debug|Any CPU
		{07BFF7F9-B700-4B65-94B9-7862B93F7228}.Debug|Any CPU.Build.0 = Debug|Any CPU
		{07BFF7F9-B700-4B65-94B9-7862B93F7228}.Debug|Any CPU.Deploy.0 = Debug|Any CPU
		{07BFF7F9-B700-4B65-94B9-7862B93F7228}.Debug|iPhone.ActiveCfg = Debug|Any CPU
		{07BFF7F9-B700-4B65-94B9-7862B93F7228}.Debug|iPhone.Build.0 = Debug|Any CPU
		{07BFF7F9-B700-4B65-94B9-7862B93F7228}.Debug|iPhone.Deploy.0 = Debug|Any CPU
		{07BFF7F9-B700-4B65-94B9-7862B93F7228}.Debug|iPhoneSimulator.ActiveCfg = Debug|Any CPU
		{07BFF7F9-B700-4B65-94B9-7862B93F7228}.Debug|iPhoneSimulator.Build.0 = Debug|Any CPU
		{07BFF7F9-B700-4B65-94B9-7862B93F7228}.Debug|iPhoneSimulator.Deploy.0 = Debug|Any CPU
		{07BFF7F9-B700-4B65-94B9-7862B93F7228}.Release|Any CPU.ActiveCfg = Release|Any CPU
		{07BFF7F9-B700-4B65-94B9-7862B93F7228}.Release|Any CPU.Build.0 = Release|Any CPU
		{07BFF7F9-B700-4B65-94B9-7862B93F7228}.Release|Any CPU.Deploy.0 = Release|Any CPU
		{07BFF7F9-B700-4B65-94B9-7862B93F7228}.Release|iPhone.ActiveCfg = Release|Any CPU
		{07BFF7F9-B700-4B65-94B9-7862B93F7228}.Release|iPhone.Build.0 = Release|Any CPU
		{07BFF7F9-B700-4B65-94B9-7862B93F7228}.Release|iPhone.Deploy.0 = Release|Any CPU
		{07BFF7F9-B700-4B65-94B9-7862B93F7228}.Release|iPhoneSimulator.ActiveCfg = Release|Any CPU
		{07BFF7F9-B700-4B65-94B9-7862B93F7228}.Release|iPhoneSimulator.Build.0 = Release|Any CPU
		{07BFF7F9-B700-4B65-94B9-7862B93F7228}.Release|iPhoneSimulator.Deploy.0 = Release|Any CPU
		{9E470495-347D-40B9-A3E9-BCA054CEBC6F}.Debug|Any CPU.ActiveCfg = Debug|iPhone
		{9E470495-347D-40B9-A3E9-BCA054CEBC6F}.Debug|iPhone.ActiveCfg = Debug|iPhone
		{9E470495-347D-40B9-A3E9-BCA054CEBC6F}.Debug|iPhone.Build.0 = Debug|iPhone
		{9E470495-347D-40B9-A3E9-BCA054CEBC6F}.Debug|iPhoneSimulator.ActiveCfg = Debug|iPhoneSimulator
		{9E470495-347D-40B9-A3E9-BCA054CEBC6F}.Debug|iPhoneSimulator.Build.0 = Debug|iPhoneSimulator
		{9E470495-347D-40B9-A3E9-BCA054CEBC6F}.Release|Any CPU.ActiveCfg = Release|iPhone
		{9E470495-347D-40B9-A3E9-BCA054CEBC6F}.Release|iPhone.ActiveCfg = Release|iPhone
		{9E470495-347D-40B9-A3E9-BCA054CEBC6F}.Release|iPhone.Build.0 = Release|iPhone
		{9E470495-347D-40B9-A3E9-BCA054CEBC6F}.Release|iPhoneSimulator.ActiveCfg = Release|iPhoneSimulator
		{9E470495-347D-40B9-A3E9-BCA054CEBC6F}.Release|iPhoneSimulator.Build.0 = Release|iPhoneSimulator
		{7923DD28-CD48-4F54-926B-D05E734A154D}.Debug|Any CPU.ActiveCfg = Debug|Any CPU
		{7923DD28-CD48-4F54-926B-D05E734A154D}.Debug|Any CPU.Build.0 = Debug|Any CPU
		{7923DD28-CD48-4F54-926B-D05E734A154D}.Debug|iPhone.ActiveCfg = Debug|Any CPU
		{7923DD28-CD48-4F54-926B-D05E734A154D}.Debug|iPhone.Build.0 = Debug|Any CPU
		{7923DD28-CD48-4F54-926B-D05E734A154D}.Debug|iPhoneSimulator.ActiveCfg = Debug|Any CPU
		{7923DD28-CD48-4F54-926B-D05E734A154D}.Debug|iPhoneSimulator.Build.0 = Debug|Any CPU
		{7923DD28-CD48-4F54-926B-D05E734A154D}.Release|Any CPU.ActiveCfg = Release|Any CPU
		{7923DD28-CD48-4F54-926B-D05E734A154D}.Release|Any CPU.Build.0 = Release|Any CPU
		{7923DD28-CD48-4F54-926B-D05E734A154D}.Release|iPhone.ActiveCfg = Release|Any CPU
		{7923DD28-CD48-4F54-926B-D05E734A154D}.Release|iPhone.Build.0 = Release|Any CPU
		{7923DD28-CD48-4F54-926B-D05E734A154D}.Release|iPhoneSimulator.ActiveCfg = Release|Any CPU
		{7923DD28-CD48-4F54-926B-D05E734A154D}.Release|iPhoneSimulator.Build.0 = Release|Any CPU
	EndGlobalSection
	GlobalSection(SolutionProperties) = preSolution
		HideSolutionNode = FALSE
	EndGlobalSection
EndGlobal
